
Microsoft Visual Studio Solution File, Format Version 12.00
# Visual Studio 2013
VisualStudioVersion = 12.0.21005.1
MinimumVisualStudioVersion = 10.0.40219.1
Project("{FAE04EC0-301F-11D3-BF4B-00C04F79EFBC}") = "FluentSelenium", "FluentSelenium\FluentSelenium.csproj", "{3310606B-E6D7-4316-8828-84C52B8AA72F}"
EndProject
Project("{FAE04EC0-301F-11D3-BF4B-00C04F79EFBC}") = "FluentTests", "FluentTests\FluentTests.csproj", "{D3CE1AEF-8793-44ED-8FAA-044B16792D60}"
EndProject
Global
	GlobalSection(SolutionConfigurationPlatforms) = preSolution
		Debug|Any CPU = Debug|Any CPU
		Release|Any CPU = Release|Any CPU
	EndGlobalSection
	GlobalSection(ProjectConfigurationPlatforms) = postSolution
		{3310606B-E6D7-4316-8828-84C52B8AA72F}.Debug|Any CPU.ActiveCfg = Debug|Any CPU
		{3310606B-E6D7-4316-8828-84C52B8AA72F}.Debug|Any CPU.Build.0 = Debug|Any CPU
		{3310606B-E6D7-4316-8828-84C52B8AA72F}.Release|Any CPU.ActiveCfg = Release|Any CPU
		{3310606B-E6D7-4316-8828-84C52B8AA72F}.Release|Any CPU.Build.0 = Release|Any CPU
		{D3CE1AEF-8793-44ED-8FAA-044B16792D60}.Debug|Any CPU.ActiveCfg = Debug|Any CPU
		{D3CE1AEF-8793-44ED-8FAA-044B16792D60}.Debug|Any CPU.Build.0 = Debug|Any CPU
		{D3CE1AEF-8793-44ED-8FAA-044B16792D60}.Release|Any CPU.ActiveCfg = Release|Any CPU
		{D3CE1AEF-8793-44ED-8FAA-044B16792D60}.Release|Any CPU.Build.0 = Release|Any CPU
	EndGlobalSection
	GlobalSection(SolutionProperties) = preSolution
		HideSolutionNode = FALSE
	EndGlobalSection
EndGlobal
